
Microsoft Visual Studio Solution File, Format Version 12.00
# Visual Studio Version 17
VisualStudioVersion = 17.13.35825.156 d17.13
MinimumVisualStudioVersion = 10.0.40219.1
Project("{FAE04EC0-301F-11D3-BF4B-00C04F79EFBC}") = "StickHeatmapVisualizer", "StickHeatmapVisualizer.csproj", "{7BB95C5B-4A91-3088-0F96-32A909A33A2D}"
EndProject
Global
	GlobalSection(SolutionConfigurationPlatforms) = preSolution
		Debug|Any CPU = Debug|Any CPU
		Release|Any CPU = Release|Any CPU
	EndGlobalSection
	GlobalSection(ProjectConfigurationPlatforms) = postSolution
		{7BB95C5B-4A91-3088-0F96-32A909A33A2D}.Debug|Any CPU.ActiveCfg = Debug|Any CPU
		{7BB95C5B-4A91-3088-0F96-32A909A33A2D}.Debug|Any CPU.Build.0 = Debug|Any CPU
		{7BB95C5B-4A91-3088-0F96-32A909A33A2D}.Release|Any CPU.ActiveCfg = Release|Any CPU
		{7BB95C5B-4A91-3088-0F96-32A909A33A2D}.Release|Any CPU.Build.0 = Release|Any CPU
	EndGlobalSection
	GlobalSection(SolutionProperties) = preSolution
		HideSolutionNode = FALSE
	EndGlobalSection
	GlobalSection(ExtensibilityGlobals) = postSolution
		SolutionGuid = {08FAE8BB-43E1-4AB2-A3C0-771D1867A4A6}
	EndGlobalSection
EndGlobal
